// !$*UTF8*$!
{
	archiveVersion = 1;
	classes = {
	};
	objectVersion = 50;
	objects = {

/* Begin PBXBuildFile section */
		6A33770F23FD331700A138A6 /* ClothDetailedView.swift in Sources */ = {isa = PBXBuildFile; fileRef = 6A33770E23FD331700A138A6 /* ClothDetailedView.swift */; };
		6A33771123FD333D00A138A6 /* ClothItem.swift in Sources */ = {isa = PBXBuildFile; fileRef = 6A33771023FD333D00A138A6 /* ClothItem.swift */; };
		6A33771323FD335800A138A6 /* ClothAdder.swift in Sources */ = {isa = PBXBuildFile; fileRef = 6A33771223FD335800A138A6 /* ClothAdder.swift */; };
		6A80EDC22401888500F9EDF2 /* Look.swift in Sources */ = {isa = PBXBuildFile; fileRef = 6A80EDC12401888500F9EDF2 /* Look.swift */; };
		6A80EDC42401AF3F00F9EDF2 /* LookItem.swift in Sources */ = {isa = PBXBuildFile; fileRef = 6A80EDC32401AF3F00F9EDF2 /* LookItem.swift */; };
		6A80EDC62401B3EB00F9EDF2 /* LooksView.swift in Sources */ = {isa = PBXBuildFile; fileRef = 6A80EDC52401B3EB00F9EDF2 /* LooksView.swift */; };
		6A80EDC82401B3F200F9EDF2 /* LookDetailedView.swift in Sources */ = {isa = PBXBuildFile; fileRef = 6A80EDC72401B3F200F9EDF2 /* LookDetailedView.swift */; };
		6A80EDCA2401B40000F9EDF2 /* ClothesView.swift in Sources */ = {isa = PBXBuildFile; fileRef = 6A80EDC92401B40000F9EDF2 /* ClothesView.swift */; };
		6A8DF78523FD251C009717DE /* AppDelegate.swift in Sources */ = {isa = PBXBuildFile; fileRef = 6A8DF78423FD251C009717DE /* AppDelegate.swift */; };
		6A8DF78723FD251C009717DE /* SceneDelegate.swift in Sources */ = {isa = PBXBuildFile; fileRef = 6A8DF78623FD251C009717DE /* SceneDelegate.swift */; };
		6A8DF78A23FD251C009717DE /* Wardrobe.xcdatamodeld in Sources */ = {isa = PBXBuildFile; fileRef = 6A8DF78823FD251C009717DE /* Wardrobe.xcdatamodeld */; };
		6A8DF78C23FD251C009717DE /* ContentView.swift in Sources */ = {isa = PBXBuildFile; fileRef = 6A8DF78B23FD251C009717DE /* ContentView.swift */; };
		6A8DF78E23FD251D009717DE /* Assets.xcassets in Resources */ = {isa = PBXBuildFile; fileRef = 6A8DF78D23FD251D009717DE /* Assets.xcassets */; };
		6A8DF79123FD251D009717DE /* Preview Assets.xcassets in Resources */ = {isa = PBXBuildFile; fileRef = 6A8DF79023FD251D009717DE /* Preview Assets.xcassets */; };
		6A8DF79423FD251D009717DE /* LaunchScreen.storyboard in Resources */ = {isa = PBXBuildFile; fileRef = 6A8DF79223FD251D009717DE /* LaunchScreen.storyboard */; };
		6A8DF7A023FD2612009717DE /* Cloth.swift in Sources */ = {isa = PBXBuildFile; fileRef = 6A8DF79F23FD2612009717DE /* Cloth.swift */; };
		6A8DF7A223FD2634009717DE /* Data.swift in Sources */ = {isa = PBXBuildFile; fileRef = 6A8DF7A123FD2634009717DE /* Data.swift */; };
		6AB2E9462403D53E0031B1E1 /* LookAdder.swift in Sources */ = {isa = PBXBuildFile; fileRef = 6AB2E9452403D53E0031B1E1 /* LookAdder.swift */; };
		6AFC579C23FEC37100D02FA4 /* ImagePicker.swift in Sources */ = {isa = PBXBuildFile; fileRef = 6AFC579B23FEC37100D02FA4 /* ImagePicker.swift */; };
/* End PBXBuildFile section */

/* Begin PBXFileReference section */
		6A33770E23FD331700A138A6 /* ClothDetailedView.swift */ = {isa = PBXFileReference; lastKnownFileType = sourcecode.swift; path = ClothDetailedView.swift; sourceTree = "<group>"; };
		6A33771023FD333D00A138A6 /* ClothItem.swift */ = {isa = PBXFileReference; lastKnownFileType = sourcecode.swift; path = ClothItem.swift; sourceTree = "<group>"; };
		6A33771223FD335800A138A6 /* ClothAdder.swift */ = {isa = PBXFileReference; lastKnownFileType = sourcecode.swift; path = ClothAdder.swift; sourceTree = "<group>"; };
		6A80EDC12401888500F9EDF2 /* Look.swift */ = {isa = PBXFileReference; lastKnownFileType = sourcecode.swift; path = Look.swift; sourceTree = "<group>"; };
		6A80EDC32401AF3F00F9EDF2 /* LookItem.swift */ = {isa = PBXFileReference; lastKnownFileType = sourcecode.swift; path = LookItem.swift; sourceTree = "<group>"; };
		6A80EDC52401B3EB00F9EDF2 /* LooksView.swift */ = {isa = PBXFileReference; lastKnownFileType = sourcecode.swift; path = LooksView.swift; sourceTree = "<group>"; };
		6A80EDC72401B3F200F9EDF2 /* LookDetailedView.swift */ = {isa = PBXFileReference; lastKnownFileType = sourcecode.swift; path = LookDetailedView.swift; sourceTree = "<group>"; };
		6A80EDC92401B40000F9EDF2 /* ClothesView.swift */ = {isa = PBXFileReference; lastKnownFileType = sourcecode.swift; path = ClothesView.swift; sourceTree = "<group>"; };
		6A8DF78123FD251C009717DE /* Wardrobe.app */ = {isa = PBXFileReference; explicitFileType = wrapper.application; includeInIndex = 0; path = Wardrobe.app; sourceTree = BUILT_PRODUCTS_DIR; };
		6A8DF78423FD251C009717DE /* AppDelegate.swift */ = {isa = PBXFileReference; lastKnownFileType = sourcecode.swift; path = AppDelegate.swift; sourceTree = "<group>"; };
		6A8DF78623FD251C009717DE /* SceneDelegate.swift */ = {isa = PBXFileReference; lastKnownFileType = sourcecode.swift; path = SceneDelegate.swift; sourceTree = "<group>"; };
		6A8DF78923FD251C009717DE /* Wardrobe.xcdatamodel */ = {isa = PBXFileReference; lastKnownFileType = wrapper.xcdatamodel; path = Wardrobe.xcdatamodel; sourceTree = "<group>"; };
		6A8DF78B23FD251C009717DE /* ContentView.swift */ = {isa = PBXFileReference; lastKnownFileType = sourcecode.swift; path = ContentView.swift; sourceTree = "<group>"; };
		6A8DF78D23FD251D009717DE /* Assets.xcassets */ = {isa = PBXFileReference; lastKnownFileType = folder.assetcatalog; path = Assets.xcassets; sourceTree = "<group>"; };
		6A8DF79023FD251D009717DE /* Preview Assets.xcassets */ = {isa = PBXFileReference; lastKnownFileType = folder.assetcatalog; path = "Preview Assets.xcassets"; sourceTree = "<group>"; };
		6A8DF79323FD251D009717DE /* Base */ = {isa = PBXFileReference; lastKnownFileType = file.storyboard; name = Base; path = Base.lproj/LaunchScreen.storyboard; sourceTree = "<group>"; };
		6A8DF79523FD251D009717DE /* Info.plist */ = {isa = PBXFileReference; lastKnownFileType = text.plist.xml; path = Info.plist; sourceTree = "<group>"; };
		6A8DF79F23FD2612009717DE /* Cloth.swift */ = {isa = PBXFileReference; lastKnownFileType = sourcecode.swift; path = Cloth.swift; sourceTree = "<group>"; };
		6A8DF7A123FD2634009717DE /* Data.swift */ = {isa = PBXFileReference; lastKnownFileType = sourcecode.swift; path = Data.swift; sourceTree = "<group>"; };
		6AB2E9452403D53E0031B1E1 /* LookAdder.swift */ = {isa = PBXFileReference; lastKnownFileType = sourcecode.swift; path = LookAdder.swift; sourceTree = "<group>"; };
		6AFC579B23FEC37100D02FA4 /* ImagePicker.swift */ = {isa = PBXFileReference; lastKnownFileType = sourcecode.swift; path = ImagePicker.swift; sourceTree = "<group>"; };
/* End PBXFileReference section */

/* Begin PBXFrameworksBuildPhase section */
		6A8DF77E23FD251C009717DE /* Frameworks */ = {
			isa = PBXFrameworksBuildPhase;
			buildActionMask = 2147483647;
			files = (
			);
			runOnlyForDeploymentPostprocessing = 0;
		};
/* End PBXFrameworksBuildPhase section */

/* Begin PBXGroup section */
		6A8DF77823FD251C009717DE = {
			isa = PBXGroup;
			children = (
				6A8DF78323FD251C009717DE /* Wardrobe */,
				6A8DF78223FD251C009717DE /* Products */,
			);
			sourceTree = "<group>";
		};
		6A8DF78223FD251C009717DE /* Products */ = {
			isa = PBXGroup;
			children = (
				6A8DF78123FD251C009717DE /* Wardrobe.app */,
			);
			name = Products;
			sourceTree = "<group>";
		};
		6A8DF78323FD251C009717DE /* Wardrobe */ = {
			isa = PBXGroup;
			children = (
				6A8DF78423FD251C009717DE /* AppDelegate.swift */,
				6A8DF78623FD251C009717DE /* SceneDelegate.swift */,
				6A8DF79B23FD259A009717DE /* Data Model */,
				6A8DF79C23FD25A4009717DE /* UI */,
				6A8DF78D23FD251D009717DE /* Assets.xcassets */,
				6A8DF79223FD251D009717DE /* LaunchScreen.storyboard */,
				6A8DF79523FD251D009717DE /* Info.plist */,
				6A8DF78823FD251C009717DE /* Wardrobe.xcdatamodeld */,
				6A8DF78F23FD251D009717DE /* Preview Content */,
			);
			path = Wardrobe;
			sourceTree = "<group>";
		};
		6A8DF78F23FD251D009717DE /* Preview Content */ = {
			isa = PBXGroup;
			children = (
				6A8DF79023FD251D009717DE /* Preview Assets.xcassets */,
			);
			path = "Preview Content";
			sourceTree = "<group>";
		};
		6A8DF79B23FD259A009717DE /* Data Model */ = {
			isa = PBXGroup;
			children = (
				6A8DF79F23FD2612009717DE /* Cloth.swift */,
				6A8DF7A123FD2634009717DE /* Data.swift */,
				6A80EDC12401888500F9EDF2 /* Look.swift */,
			);
			path = "Data Model";
			sourceTree = "<group>";
		};
		6A8DF79C23FD25A4009717DE /* UI */ = {
			isa = PBXGroup;
			children = (
				6A8DF79E23FD25B3009717DE /* Elements */,
				6A8DF79D23FD25AF009717DE /* Views */,
			);
			path = UI;
			sourceTree = "<group>";
		};
		6A8DF79D23FD25AF009717DE /* Views */ = {
			isa = PBXGroup;
			children = (
				6AFC579B23FEC37100D02FA4 /* ImagePicker.swift */,
				6A8DF78B23FD251C009717DE /* ContentView.swift */,
				6A80EDC92401B40000F9EDF2 /* ClothesView.swift */,
				6A33771223FD335800A138A6 /* ClothAdder.swift */,
				6A33770E23FD331700A138A6 /* ClothDetailedView.swift */,
				6A80EDC52401B3EB00F9EDF2 /* LooksView.swift */,
				6AB2E9452403D53E0031B1E1 /* LookAdder.swift */,
				6A80EDC72401B3F200F9EDF2 /* LookDetailedView.swift */,
			);
			path = Views;
			sourceTree = "<group>";
		};
		6A8DF79E23FD25B3009717DE /* Elements */ = {
			isa = PBXGroup;
			children = (
				6A33771023FD333D00A138A6 /* ClothItem.swift */,
				6A80EDC32401AF3F00F9EDF2 /* LookItem.swift */,
			);
			path = Elements;
			sourceTree = "<group>";
		};
/* End PBXGroup section */

/* Begin PBXNativeTarget section */
		6A8DF78023FD251C009717DE /* Wardrobe */ = {
			isa = PBXNativeTarget;
			buildConfigurationList = 6A8DF79823FD251D009717DE /* Build configuration list for PBXNativeTarget "Wardrobe" */;
			buildPhases = (
				6A8DF77D23FD251C009717DE /* Sources */,
				6A8DF77E23FD251C009717DE /* Frameworks */,
				6A8DF77F23FD251C009717DE /* Resources */,
			);
			buildRules = (
			);
			dependencies = (
			);
			name = Wardrobe;
			productName = Wardrobe;
			productReference = 6A8DF78123FD251C009717DE /* Wardrobe.app */;
			productType = "com.apple.product-type.application";
		};
/* End PBXNativeTarget section */

/* Begin PBXProject section */
		6A8DF77923FD251C009717DE /* Project object */ = {
			isa = PBXProject;
			attributes = {
				LastSwiftUpdateCheck = 1130;
				LastUpgradeCheck = 1130;
				ORGANIZATIONNAME = "Artem Abramyan";
				TargetAttributes = {
					6A8DF78023FD251C009717DE = {
						CreatedOnToolsVersion = 11.3.1;
					};
				};
			};
			buildConfigurationList = 6A8DF77C23FD251C009717DE /* Build configuration list for PBXProject "Wardrobe" */;
			compatibilityVersion = "Xcode 9.3";
			developmentRegion = en;
			hasScannedForEncodings = 0;
			knownRegions = (
				en,
				Base,
			);
			mainGroup = 6A8DF77823FD251C009717DE;
			productRefGroup = 6A8DF78223FD251C009717DE /* Products */;
			projectDirPath = "";
			projectRoot = "";
			targets = (
				6A8DF78023FD251C009717DE /* Wardrobe */,
			);
		};
/* End PBXProject section */

/* Begin PBXResourcesBuildPhase section */
		6A8DF77F23FD251C009717DE /* Resources */ = {
			isa = PBXResourcesBuildPhase;
			buildActionMask = 2147483647;
			files = (
				6A8DF79423FD251D009717DE /* LaunchScreen.storyboard in Resources */,
				6A8DF79123FD251D009717DE /* Preview Assets.xcassets in Resources */,
				6A8DF78E23FD251D009717DE /* Assets.xcassets in Resources */,
			);
			runOnlyForDeploymentPostprocessing = 0;
		};
/* End PBXResourcesBuildPhase section */

/* Begin PBXSourcesBuildPhase section */
		6A8DF77D23FD251C009717DE /* Sources */ = {
			isa = PBXSourcesBuildPhase;
			buildActionMask = 2147483647;
			files = (
				6A8DF78A23FD251C009717DE /* Wardrobe.xcdatamodeld in Sources */,
				6A80EDC42401AF3F00F9EDF2 /* LookItem.swift in Sources */,
				6A8DF7A223FD2634009717DE /* Data.swift in Sources */,
				6A80EDC82401B3F200F9EDF2 /* LookDetailedView.swift in Sources */,
				6A8DF78523FD251C009717DE /* AppDelegate.swift in Sources */,
				6A80EDCA2401B40000F9EDF2 /* ClothesView.swift in Sources */,
				6A33771123FD333D00A138A6 /* ClothItem.swift in Sources */,
				6A80EDC62401B3EB00F9EDF2 /* LooksView.swift in Sources */,
				6A8DF78C23FD251C009717DE /* ContentView.swift in Sources */,
				6A80EDC22401888500F9EDF2 /* Look.swift in Sources */,
				6A33770F23FD331700A138A6 /* ClothDetailedView.swift in Sources */,
				6A33771323FD335800A138A6 /* ClothAdder.swift in Sources */,
				6AFC579C23FEC37100D02FA4 /* ImagePicker.swift in Sources */,
				6A8DF78723FD251C009717DE /* SceneDelegate.swift in Sources */,
				6A8DF7A023FD2612009717DE /* Cloth.swift in Sources */,
				6AB2E9462403D53E0031B1E1 /* LookAdder.swift in Sources */,
			);
			runOnlyForDeploymentPostprocessing = 0;
		};
/* End PBXSourcesBuildPhase section */

/* Begin PBXVariantGroup section */
		6A8DF79223FD251D009717DE /* LaunchScreen.storyboard */ = {
			isa = PBXVariantGroup;
			children = (
				6A8DF79323FD251D009717DE /* Base */,
			);
			name = LaunchScreen.storyboard;
			sourceTree = "<group>";
		};
/* End PBXVariantGroup section */

/* Begin XCBuildConfiguration section */
		6A8DF79623FD251D009717DE /* Debug */ = {
			isa = XCBuildConfiguration;
			buildSettings = {
				ALWAYS_SEARCH_USER_PATHS = NO;
				CLANG_ANALYZER_NONNULL = YES;
				CLANG_ANALYZER_NUMBER_OBJECT_CONVERSION = YES_AGGRESSIVE;
				CLANG_CXX_LANGUAGE_STANDARD = "gnu++14";
				CLANG_CXX_LIBRARY = "libc++";
				CLANG_ENABLE_MODULES = YES;
				CLANG_ENABLE_OBJC_ARC = YES;
				CLANG_ENABLE_OBJC_WEAK = YES;
				CLANG_WARN_BLOCK_CAPTURE_AUTORELEASING = YES;
				CLANG_WARN_BOOL_CONVERSION = YES;
				CLANG_WARN_COMMA = YES;
				CLANG_WARN_CONSTANT_CONVERSION = YES;
				CLANG_WARN_DEPRECATED_OBJC_IMPLEMENTATIONS = YES;
				CLANG_WARN_DIRECT_OBJC_ISA_USAGE = YES_ERROR;
				CLANG_WARN_DOCUMENTATION_COMMENTS = YES;
				CLANG_WARN_EMPTY_BODY = YES;
				CLANG_WARN_ENUM_CONVERSION = YES;
				CLANG_WARN_INFINITE_RECURSION = YES;
				CLANG_WARN_INT_CONVERSION = YES;
				CLANG_WARN_NON_LITERAL_NULL_CONVERSION = YES;
				CLANG_WARN_OBJC_IMPLICIT_RETAIN_SELF = YES;
				CLANG_WARN_OBJC_LITERAL_CONVERSION = YES;
				CLANG_WARN_OBJC_ROOT_CLASS = YES_ERROR;
				CLANG_WARN_RANGE_LOOP_ANALYSIS = YES;
				CLANG_WARN_STRICT_PROTOTYPES = YES;
				CLANG_WARN_SUSPICIOUS_MOVE = YES;
				CLANG_WARN_UNGUARDED_AVAILABILITY = YES_AGGRESSIVE;
				CLANG_WARN_UNREACHABLE_CODE = YES;
				CLANG_WARN__DUPLICATE_METHOD_MATCH = YES;
				COPY_PHASE_STRIP = NO;
				DEBUG_INFORMATION_FORMAT = dwarf;
				ENABLE_STRICT_OBJC_MSGSEND = YES;
				ENABLE_TESTABILITY = YES;
				GCC_C_LANGUAGE_STANDARD = gnu11;
				GCC_DYNAMIC_NO_PIC = NO;
				GCC_NO_COMMON_BLOCKS = YES;
				GCC_OPTIMIZATION_LEVEL = 0;
				GCC_PREPROCESSOR_DEFINITIONS = (
					"DEBUG=1",
					"$(inherited)",
				);
				GCC_WARN_64_TO_32_BIT_CONVERSION = YES;
				GCC_WARN_ABOUT_RETURN_TYPE = YES_ERROR;
				GCC_WARN_UNDECLARED_SELECTOR = YES;
				GCC_WARN_UNINITIALIZED_AUTOS = YES_AGGRESSIVE;
				GCC_WARN_UNUSED_FUNCTION = YES;
				GCC_WARN_UNUSED_VARIABLE = YES;
				IPHONEOS_DEPLOYMENT_TARGET = 13.2;
				MTL_ENABLE_DEBUG_INFO = INCLUDE_SOURCE;
				MTL_FAST_MATH = YES;
				ONLY_ACTIVE_ARCH = YES;
				SDKROOT = iphoneos;
				SWIFT_ACTIVE_COMPILATION_CONDITIONS = DEBUG;
				SWIFT_OPTIMIZATION_LEVEL = "-Onone";
			};
			name = Debug;
		};
		6A8DF79723FD251D009717DE /* Release */ = {
			isa = XCBuildConfiguration;
			buildSettings = {
				ALWAYS_SEARCH_USER_PATHS = NO;
				CLANG_ANALYZER_NONNULL = YES;
				CLANG_ANALYZER_NUMBER_OBJECT_CONVERSION = YES_AGGRESSIVE;
				CLANG_CXX_LANGUAGE_STANDARD = "gnu++14";
				CLANG_CXX_LIBRARY = "libc++";
				CLANG_ENABLE_MODULES = YES;
				CLANG_ENABLE_OBJC_ARC = YES;
				CLANG_ENABLE_OBJC_WEAK = YES;
				CLANG_WARN_BLOCK_CAPTURE_AUTORELEASING = YES;
				CLANG_WARN_BOOL_CONVERSION = YES;
				CLANG_WARN_COMMA = YES;
				CLANG_WARN_CONSTANT_CONVERSION = YES;
				CLANG_WARN_DEPRECATED_OBJC_IMPLEMENTATIONS = YES;
				CLANG_WARN_DIRECT_OBJC_ISA_USAGE = YES_ERROR;
				CLANG_WARN_DOCUMENTATION_COMMENTS = YES;
				CLANG_WARN_EMPTY_BODY = YES;
				CLANG_WARN_ENUM_CONVERSION = YES;
				CLANG_WARN_INFINITE_RECURSION = YES;
				CLANG_WARN_INT_CONVERSION = YES;
				CLANG_WARN_NON_LITERAL_NULL_CONVERSION = YES;
				CLANG_WARN_OBJC_IMPLICIT_RETAIN_SELF = YES;
				CLANG_WARN_OBJC_LITERAL_CONVERSION = YES;
				CLANG_WARN_OBJC_ROOT_CLASS = YES_ERROR;
				CLANG_WARN_RANGE_LOOP_ANALYSIS = YES;
				CLANG_WARN_STRICT_PROTOTYPES = YES;
				CLANG_WARN_SUSPICIOUS_MOVE = YES;
				CLANG_WARN_UNGUARDED_AVAILABILITY = YES_AGGRESSIVE;
				CLANG_WARN_UNREACHABLE_CODE = YES;
				CLANG_WARN__DUPLICATE_METHOD_MATCH = YES;
				COPY_PHASE_STRIP = NO;
				DEBUG_INFORMATION_FORMAT = "dwarf-with-dsym";
				ENABLE_NS_ASSERTIONS = NO;
				ENABLE_STRICT_OBJC_MSGSEND = YES;
				GCC_C_LANGUAGE_STANDARD = gnu11;
				GCC_NO_COMMON_BLOCKS = YES;
				GCC_WARN_64_TO_32_BIT_CONVERSION = YES;
				GCC_WARN_ABOUT_RETURN_TYPE = YES_ERROR;
				GCC_WARN_UNDECLARED_SELECTOR = YES;
				GCC_WARN_UNINITIALIZED_AUTOS = YES_AGGRESSIVE;
				GCC_WARN_UNUSED_FUNCTION = YES;
				GCC_WARN_UNUSED_VARIABLE = YES;
				IPHONEOS_DEPLOYMENT_TARGET = 13.2;
				MTL_ENABLE_DEBUG_INFO = NO;
				MTL_FAST_MATH = YES;
				SDKROOT = iphoneos;
				SWIFT_COMPILATION_MODE = wholemodule;
				SWIFT_OPTIMIZATION_LEVEL = "-O";
				VALIDATE_PRODUCT = YES;
			};
			name = Release;
		};
		6A8DF79923FD251D009717DE /* Debug */ = {
			isa = XCBuildConfiguration;
			buildSettings = {
				ASSETCATALOG_COMPILER_APPICON_NAME = AppIcon;
				CODE_SIGN_STYLE = Automatic;
				DEVELOPMENT_ASSET_PATHS = "\"Wardrobe/Preview Content\"";
				DEVELOPMENT_TEAM = TBB4M97RUL;
				ENABLE_PREVIEWS = YES;
				INFOPLIST_FILE = Wardrobe/Info.plist;
				IPHONEOS_DEPLOYMENT_TARGET = 13.2;
				LD_RUNPATH_SEARCH_PATHS = (
					"$(inherited)",
					"@executable_path/Frameworks",
				);
				PRODUCT_BUNDLE_IDENTIFIER = com.msiotnihs.Wardrobe;
				PRODUCT_NAME = "$(TARGET_NAME)";
				SWIFT_VERSION = 5.0;
				TARGETED_DEVICE_FAMILY = "1,2";
			};
			name = Debug;
		};
		6A8DF79A23FD251D009717DE /* Release */ = {
			isa = XCBuildConfiguration;
			buildSettings = {
				ASSETCATALOG_COMPILER_APPICON_NAME = AppIcon;
				CODE_SIGN_STYLE = Automatic;
				DEVELOPMENT_ASSET_PATHS = "\"Wardrobe/Preview Content\"";
				DEVELOPMENT_TEAM = TBB4M97RUL;
				ENABLE_PREVIEWS = YES;
				INFOPLIST_FILE = Wardrobe/Info.plist;
				IPHONEOS_DEPLOYMENT_TARGET = 13.2;
				LD_RUNPATH_SEARCH_PATHS = (
					"$(inherited)",
					"@executable_path/Frameworks",
				);
				PRODUCT_BUNDLE_IDENTIFIER = com.msiotnihs.Wardrobe;
				PRODUCT_NAME = "$(TARGET_NAME)";
				SWIFT_VERSION = 5.0;
				TARGETED_DEVICE_FAMILY = "1,2";
			};
			name = Release;
		};
/* End XCBuildConfiguration section */

/* Begin XCConfigurationList section */
		6A8DF77C23FD251C009717DE /* Build configuration list for PBXProject "Wardrobe" */ = {
			isa = XCConfigurationList;
			buildConfigurations = (
				6A8DF79623FD251D009717DE /* Debug */,
				6A8DF79723FD251D009717DE /* Release */,
			);
			defaultConfigurationIsVisible = 0;
			defaultConfigurationName = Release;
		};
		6A8DF79823FD251D009717DE /* Build configuration list for PBXNativeTarget "Wardrobe" */ = {
			isa = XCConfigurationList;
			buildConfigurations = (
				6A8DF79923FD251D009717DE /* Debug */,
				6A8DF79A23FD251D009717DE /* Release */,
			);
			defaultConfigurationIsVisible = 0;
			defaultConfigurationName = Release;
		};
/* End XCConfigurationList section */

/* Begin XCVersionGroup section */
		6A8DF78823FD251C009717DE /* Wardrobe.xcdatamodeld */ = {
			isa = XCVersionGroup;
			children = (
				6A8DF78923FD251C009717DE /* Wardrobe.xcdatamodel */,
			);
			currentVersion = 6A8DF78923FD251C009717DE /* Wardrobe.xcdatamodel */;
			path = Wardrobe.xcdatamodeld;
			sourceTree = "<group>";
			versionGroupType = wrapper.xcdatamodel;
		};
/* End XCVersionGroup section */
	};
	rootObject = 6A8DF77923FD251C009717DE /* Project object */;
}
